# THIS IS AN AUTOGENERATED FILE. DO NOT EDIT THIS FILE DIRECTLY.
# yarn lockfile v1


wam-community@^0.4.9:
  version "0.4.9"
  resolved "https://registry.yarnpkg.com/wam-community/-/wam-community-0.4.9.tgz#984fd1062aa50258a3028560d39d537ec64cab7b"
  integrity sha512-cZLM79DrRCWlloK7FzIcQiMZPsKJS8hiOJJWdYYpzQSeGPacdUmFshWQhp4Mjr/by9+UgpqBjhVG6N8YQoC2hw==
